<?xml version="1.0" encoding="utf-8"?>
<Project ToolsVersion="4.0" xmlns="http://schemas.microsoft.com/developer/msbuild/2003">
  <ItemGroup>
    <Filter Include="Source Files">
      <UniqueIdentifier>{4FC737F1-C7A5-4376-A066-2A32D752A2FF}</UniqueIdentifier>
      <Extensions>cpp;c;cc;cxx;c++;cppm;ixx;def;odl;idl;hpj;bat;asm;asmx</Extensions>
    </Filter>
    <Filter Include="Header Files">
      <UniqueIdentifier>{93995380-89BD-4b04-88EB-625FBE52EBFB}</UniqueIdentifier>
      <Extensions>h;hh;hpp;hxx;h++;hm;inl;inc;ipp;xsd</Extensions>
    </Filter>
    <Filter Include="Resource Files">
      <UniqueIdentifier>{67DA6AB6-F800-4c08-8B7A-83BB121AAD01}</UniqueIdentifier>
      <Extensions>rc;ico;cur;bmp;dlg;rc2;rct;bin;rgs;gif;jpg;jpeg;jpe;resx;tiff;tif;png;wav;mfcribbon-ms</Extensions>
    </Filter>
    <Filter Include="Source Files\Model">
      <UniqueIdentifier>{26badfba-db1a-4f52-8fa8-7553cda72b2f}</UniqueIdentifier>
    </Filter>
    <Filter Include="Source Files\Controller">
      <UniqueIdentifier>{d6c46151-09f0-4d7f-8cc3-89acfaf14c1e}</UniqueIdentifier>
    </Filter>
    <Filter Include="Source Files\Helper">
      <UniqueIdentifier>{49fcbd7c-c4bf-4d5c-88b0-6c52f04752a5}</UniqueIdentifier>
    </Filter>
    <Filter Include="Header Files\Model">
      <UniqueIdentifier>{839ea17d-cf2a-449d-9a82-a3879c93d63c}</UniqueIdentifier>
    </Filter>
    <Filter Include="Header Files\Controller">
      <UniqueIdentifier>{a23cbd7c-2ac9-4ae6-be63-889edc078e70}</UniqueIdentifier>
    </Filter>
    <Filter Include="Header Files\Helper">
      <UniqueIdentifier>{e52984a5-2c4d-417b-9814-5c5b9e2ab4cc}</UniqueIdentifier>
    </Filter>
    <Filter Include="Header Files\Model\Enum">
      <UniqueIdentifier>{11924b57-9936-4a60-b393-1977b5e8250e}</UniqueIdentifier>
    </Filter>
    <Filter Include="Source Files\Service">
      <UniqueIdentifier>{6edd714b-0ee2-4c84-bc28-47ada6447447}</UniqueIdentifier>
    </Filter>
    <Filter Include="Header Files\Service">
      <UniqueIdentifier>{1ecaf4e5-d8ac-4694-abf2-39dab46a3e9d}</UniqueIdentifier>
    </Filter>
  </ItemGroup>
  <ItemGroup>
    <ClCompile Include="MultimediaManagementAssignment.cpp">
      <Filter>Source Files</Filter>
    </ClCompile>
    <ClCompile Include="MediaFile.cpp">
      <Filter>Source Files\Model</Filter>
    </ClCompile>
    <ClCompile Include="MediaFilesManager.cpp">
      <Filter>Source Files\Controller</Filter>
    </ClCompile>
    <ClCompile Include="FileHelper.cpp">
      <Filter>Source Files\Helper</Filter>
    </ClCompile>
    <ClCompile Include="DisplayController.cpp">
      <Filter>Source Files\Controller</Filter>
    </ClCompile>
    <ClCompile Include="FunctionNumber.h">
      <Filter>Header Files\Model\Enum</Filter>
    </ClCompile>
    <ClCompile Include="StringHelper.cpp">
      <Filter>Source Files\Helper</Filter>
    </ClCompile>
    <ClCompile Include="CopyMediaFileService.cpp">
      <Filter>Source Files\Service</Filter>
    </ClCompile>
  </ItemGroup>
  <ItemGroup>
    <ClInclude Include="pch.h">
      <Filter>Header Files</Filter>
    </ClInclude>
    <ClInclude Include="MediaFile.h">
      <Filter>Header Files\Model</Filter>
    </ClInclude>
    <ClInclude Include="MediaFilesManager.h">
      <Filter>Header Files\Controller</Filter>
    </ClInclude>
    <ClInclude Include="FileHelper.h">
      <Filter>Header Files\Helper</Filter>
    </ClInclude>
    <ClInclude Include="DisplayController.h">
      <Filter>Header Files\Controller</Filter>
    </ClInclude>
    <ClInclude Include="FilterCriteria.h">
      <Filter>Header Files\Model\Enum</Filter>
    </ClInclude>
    <ClInclude Include="StringHelper.h">
      <Filter>Header Files\Helper</Filter>
    </ClInclude>
    <ClInclude Include="EnumHelper.h">
      <Filter>Header Files\Helper</Filter>
    </ClInclude>
    <ClInclude Include="MediaType.h">
      <Filter>Header Files\Model\Enum</Filter>
    </ClInclude>
    <ClInclude Include="CopyMediaFileService.h">
      <Filter>Header Files\Service</Filter>
    </ClInclude>
  </ItemGroup>
</Project>