
Microsoft Visual Studio Solution File, Format Version 12.00
# Visual Studio Version 17
VisualStudioVersion = 17.13.35919.96 d17.13
MinimumVisualStudioVersion = 10.0.40219.1
Project("{8BC9CEB8-8B4A-11D0-8D11-00A0C91BC942}") = "MultimediaManagementAssignment", "MultimediaManagementAssignment\MultimediaManagementAssignment.vcxproj", "{236D15C5-0CA6-4F87-BF40-0333E7623214}"
EndProject
Global
	GlobalSection(SolutionConfigurationPlatforms) = preSolution
		Debug|x64 = Debug|x64
		Debug|x86 = Debug|x86
		Release|x64 = Release|x64
		Release|x86 = Release|x86
	EndGlobalSection
	GlobalSection(ProjectConfigurationPlatforms) = postSolution
		{236D15C5-0CA6-4F87-BF40-0333E7623214}.Debug|x64.ActiveCfg = Debug|x64
		{236D15C5-0CA6-4F87-BF40-0333E7623214}.Debug|x64.Build.0 = Debug|x64
		{236D15C5-0CA6-4F87-BF40-0333E7623214}.Debug|x86.ActiveCfg = Debug|Win32
		{236D15C5-0CA6-4F87-BF40-0333E7623214}.Debug|x86.Build.0 = Debug|Win32
		{236D15C5-0CA6-4F87-BF40-0333E7623214}.Release|x64.ActiveCfg = Release|x64
		{236D15C5-0CA6-4F87-BF40-0333E7623214}.Release|x64.Build.0 = Release|x64
		{236D15C5-0CA6-4F87-BF40-0333E7623214}.Release|x86.ActiveCfg = Release|Win32
		{236D15C5-0CA6-4F87-BF40-0333E7623214}.Release|x86.Build.0 = Release|Win32
	EndGlobalSection
	GlobalSection(SolutionProperties) = preSolution
		HideSolutionNode = FALSE
	EndGlobalSection
	GlobalSection(ExtensibilityGlobals) = postSolution
		SolutionGuid = {41350ADF-59CA-4564-ADC9-56993650E39D}
	EndGlobalSection
EndGlobal
